
Microsoft Visual Studio Solution File, Format Version 12.00
# Visual Studio Version 17
VisualStudioVersion = 17.8.34330.188
MinimumVisualStudioVersion = 10.0.40219.1
Project("{888888A0-9F3D-457C-B088-3A5042F75D52}") = "InitializeDatabases", "InitializeDatabases.pyproj", "{78C86772-0574-4C41-AD74-6895B0F9ACB2}"
EndProject
Global
	GlobalSection(SolutionConfigurationPlatforms) = preSolution
		Debug|Any CPU = Debug|Any CPU
		Release|Any CPU = Release|Any CPU
	EndGlobalSection
	GlobalSection(ProjectConfigurationPlatforms) = postSolution
		{78C86772-0574-4C41-AD74-6895B0F9ACB2}.Debug|Any CPU.ActiveCfg = Debug|Any CPU
		{78C86772-0574-4C41-AD74-6895B0F9ACB2}.Release|Any CPU.ActiveCfg = Release|Any CPU
	EndGlobalSection
	GlobalSection(SolutionProperties) = preSolution
		HideSolutionNode = FALSE
	EndGlobalSection
	GlobalSection(ExtensibilityGlobals) = postSolution
		SolutionGuid = {04D69AEA-73EC-422B-AEF9-2B8D96D08852}
	EndGlobalSection
EndGlobal
