
Microsoft Visual Studio Solution File, Format Version 12.00
# Visual Studio Version 17
VisualStudioVersion = 17.8.34330.188
MinimumVisualStudioVersion = 10.0.40219.1
Project("{888888A0-9F3D-457C-B088-3A5042F75D52}") = "NotifierService", "NotifierService.pyproj", "{8ABDF0F6-6709-4174-ADA8-5F247889AFDC}"
EndProject
Global
	GlobalSection(SolutionConfigurationPlatforms) = preSolution
		Debug|Any CPU = Debug|Any CPU
		Release|Any CPU = Release|Any CPU
	EndGlobalSection
	GlobalSection(ProjectConfigurationPlatforms) = postSolution
		{8ABDF0F6-6709-4174-ADA8-5F247889AFDC}.Debug|Any CPU.ActiveCfg = Debug|Any CPU
		{8ABDF0F6-6709-4174-ADA8-5F247889AFDC}.Release|Any CPU.ActiveCfg = Release|Any CPU
	EndGlobalSection
	GlobalSection(SolutionProperties) = preSolution
		HideSolutionNode = FALSE
	EndGlobalSection
	GlobalSection(ExtensibilityGlobals) = postSolution
		SolutionGuid = {63F154D0-68FE-4BB5-BBE9-09ECFC6148E9}
	EndGlobalSection
EndGlobal
