
Microsoft Visual Studio Solution File, Format Version 12.00
# Visual Studio Version 17
VisualStudioVersion = 17.0.31903.59
MinimumVisualStudioVersion = 10.0.40219.1
Project("{FAE04EC0-301F-11D3-BF4B-00C04F79EFBC}") = "APIInternal", "APIInternal.csproj", "{1F98F3FA-1FFF-4753-A482-1A63C6F0FA60}"
EndProject
Project("{FAE04EC0-301F-11D3-BF4B-00C04F79EFBC}") = "EntityFramework", "..\EntityFramework\EntityFramework.csproj", "{F496C748-FB88-4A82-9EC3-3F36A6D3CD01}"
EndProject
Global
	GlobalSection(SolutionConfigurationPlatforms) = preSolution
		Debug|Any CPU = Debug|Any CPU
		Release|Any CPU = Release|Any CPU
	EndGlobalSection
	GlobalSection(SolutionProperties) = preSolution
		HideSolutionNode = FALSE
	EndGlobalSection
	GlobalSection(ProjectConfigurationPlatforms) = postSolution
		{1F98F3FA-1FFF-4753-A482-1A63C6F0FA60}.Debug|Any CPU.ActiveCfg = Debug|Any CPU
		{1F98F3FA-1FFF-4753-A482-1A63C6F0FA60}.Debug|Any CPU.Build.0 = Debug|Any CPU
		{1F98F3FA-1FFF-4753-A482-1A63C6F0FA60}.Release|Any CPU.ActiveCfg = Release|Any CPU
		{1F98F3FA-1FFF-4753-A482-1A63C6F0FA60}.Release|Any CPU.Build.0 = Release|Any CPU
		{F496C748-FB88-4A82-9EC3-3F36A6D3CD01}.Debug|Any CPU.ActiveCfg = Debug|Any CPU
		{F496C748-FB88-4A82-9EC3-3F36A6D3CD01}.Debug|Any CPU.Build.0 = Debug|Any CPU
		{F496C748-FB88-4A82-9EC3-3F36A6D3CD01}.Release|Any CPU.ActiveCfg = Release|Any CPU
		{F496C748-FB88-4A82-9EC3-3F36A6D3CD01}.Release|Any CPU.Build.0 = Release|Any CPU
	EndGlobalSection
EndGlobal
