
Microsoft Visual Studio Solution File, Format Version 12.00
# Visual Studio Version 17
VisualStudioVersion = 17.7.34221.43
MinimumVisualStudioVersion = 10.0.40219.1
Project("{888888A0-9F3D-457C-B088-3A5042F75D52}") = "ConfiguratorService", "ConfiguratorService.pyproj", "{3C360ABC-2648-4DD0-A918-166929027D22}"
EndProject
Global
	GlobalSection(SolutionConfigurationPlatforms) = preSolution
		Debug|Any CPU = Debug|Any CPU
		Release|Any CPU = Release|Any CPU
	EndGlobalSection
	GlobalSection(ProjectConfigurationPlatforms) = postSolution
		{3C360ABC-2648-4DD0-A918-166929027D22}.Debug|Any CPU.ActiveCfg = Debug|Any CPU
		{3C360ABC-2648-4DD0-A918-166929027D22}.Release|Any CPU.ActiveCfg = Release|Any CPU
	EndGlobalSection
	GlobalSection(SolutionProperties) = preSolution
		HideSolutionNode = FALSE
	EndGlobalSection
	GlobalSection(ExtensibilityGlobals) = postSolution
		SolutionGuid = {8913EB72-4278-4B3A-9934-19121C680E95}
	EndGlobalSection
EndGlobal
